
Microsoft Visual Studio Solution File, Format Version 12.00
# Visual Studio 2013
VisualStudioVersion = 12.0.30501.0
MinimumVisualStudioVersion = 10.0.40219.1
Project("{FAE04EC0-301F-11D3-BF4B-00C04F79EFBC}") = "Domain", "Domain\Domain.csproj", "{7711783C-A47A-4DEF-B9C7-2E80A11AC3CA}"
EndProject
Project("{FAE04EC0-301F-11D3-BF4B-00C04F79EFBC}") = "Tests", "Tests\Tests.csproj", "{A092512A-DB9E-4E26-8745-10B40E596E0E}"
EndProject
Project("{FAE04EC0-301F-11D3-BF4B-00C04F79EFBC}") = "Web", "Web\Web.csproj", "{5B77880D-DDA7-4D8C-B326-55FC9573725A}"
EndProject
Global
	GlobalSection(SolutionConfigurationPlatforms) = preSolution
		Debug|Any CPU = Debug|Any CPU
		Release|Any CPU = Release|Any CPU
	EndGlobalSection
	GlobalSection(ProjectConfigurationPlatforms) = postSolution
		{7711783C-A47A-4DEF-B9C7-2E80A11AC3CA}.Debug|Any CPU.ActiveCfg = Debug|Any CPU
		{7711783C-A47A-4DEF-B9C7-2E80A11AC3CA}.Debug|Any CPU.Build.0 = Debug|Any CPU
		{7711783C-A47A-4DEF-B9C7-2E80A11AC3CA}.Release|Any CPU.ActiveCfg = Release|Any CPU
		{7711783C-A47A-4DEF-B9C7-2E80A11AC3CA}.Release|Any CPU.Build.0 = Release|Any CPU
		{A092512A-DB9E-4E26-8745-10B40E596E0E}.Debug|Any CPU.ActiveCfg = Debug|Any CPU
		{A092512A-DB9E-4E26-8745-10B40E596E0E}.Debug|Any CPU.Build.0 = Debug|Any CPU
		{A092512A-DB9E-4E26-8745-10B40E596E0E}.Release|Any CPU.ActiveCfg = Release|Any CPU
		{A092512A-DB9E-4E26-8745-10B40E596E0E}.Release|Any CPU.Build.0 = Release|Any CPU
		{5B77880D-DDA7-4D8C-B326-55FC9573725A}.Debug|Any CPU.ActiveCfg = Debug|Any CPU
		{5B77880D-DDA7-4D8C-B326-55FC9573725A}.Debug|Any CPU.Build.0 = Debug|Any CPU
		{5B77880D-DDA7-4D8C-B326-55FC9573725A}.Release|Any CPU.ActiveCfg = Release|Any CPU
		{5B77880D-DDA7-4D8C-B326-55FC9573725A}.Release|Any CPU.Build.0 = Release|Any CPU
	EndGlobalSection
	GlobalSection(SolutionProperties) = preSolution
		HideSolutionNode = FALSE
	EndGlobalSection
EndGlobal
